
Microsoft Visual Studio Solution File, Format Version 12.00
# Visual Studio Version 17
VisualStudioVersion = 17.5.33424.131
MinimumVisualStudioVersion = 10.0.40219.1
Project("{FAE04EC0-301F-11D3-BF4B-00C04F79EFBC}") = "EjerciciosSesion1", "EjerciciosSesion1.csproj", "{CB2245CB-F720-4479-B865-C3B4391878F7}"
EndProject
Global
	GlobalSection(SolutionConfigurationPlatforms) = preSolution
		Debug|Any CPU = Debug|Any CPU
		Release|Any CPU = Release|Any CPU
	EndGlobalSection
	GlobalSection(ProjectConfigurationPlatforms) = postSolution
		{CB2245CB-F720-4479-B865-C3B4391878F7}.Debug|Any CPU.ActiveCfg = Debug|Any CPU
		{CB2245CB-F720-4479-B865-C3B4391878F7}.Debug|Any CPU.Build.0 = Debug|Any CPU
		{CB2245CB-F720-4479-B865-C3B4391878F7}.Release|Any CPU.ActiveCfg = Release|Any CPU
		{CB2245CB-F720-4479-B865-C3B4391878F7}.Release|Any CPU.Build.0 = Release|Any CPU
	EndGlobalSection
	GlobalSection(SolutionProperties) = preSolution
		HideSolutionNode = FALSE
	EndGlobalSection
	GlobalSection(ExtensibilityGlobals) = postSolution
		SolutionGuid = {5BE137FD-5FC2-4438-AE7F-942B098D7B48}
	EndGlobalSection
EndGlobal
